
Microsoft Visual Studio Solution File, Format Version 12.00
# Visual Studio 14
VisualStudioVersion = 14.0.25420.1
MinimumVisualStudioVersion = 10.0.40219.1
Project("{FAE04EC0-301F-11D3-BF4B-00C04F79EFBC}") = "TimeG", "TimeG\TimeG\TimeG.csproj", "{8F661E31-A175-42BA-B2C4-67A866A20B0D}"
EndProject
Project("{FAE04EC0-301F-11D3-BF4B-00C04F79EFBC}") = "TimeG.Droid", "TimeG\TimeG.Droid\TimeG.Droid.csproj", "{D727059C-F9E5-4CD2-A577-287ACAA3BB2F}"
EndProject
Project("{FAE04EC0-301F-11D3-BF4B-00C04F79EFBC}") = "TimeG.iOS", "TimeG\TimeG.iOS\TimeG.iOS.csproj", "{2C62FC9A-8C1B-4B8A-9135-22CD7AEF4C38}"
EndProject
Project("{FAE04EC0-301F-11D3-BF4B-00C04F79EFBC}") = "TimeG.WinPhone", "TimeG\TimeG.WinPhone\TimeG.WinPhone.csproj", "{EC367014-7935-47E8-B228-8FC488905354}"
EndProject
Project("{FAE04EC0-301F-11D3-BF4B-00C04F79EFBC}") = "TimeG.Windows", "TimeG\TimeG.Windows\TimeG.Windows.csproj", "{873A71EE-8F6A-4DE1-96B3-7A265C2B8161}"
EndProject
Global
	GlobalSection(SolutionConfigurationPlatforms) = preSolution
		Ad-Hoc|Any CPU = Ad-Hoc|Any CPU
		Ad-Hoc|ARM = Ad-Hoc|ARM
		Ad-Hoc|iPhone = Ad-Hoc|iPhone
		Ad-Hoc|iPhoneSimulator = Ad-Hoc|iPhoneSimulator
		Ad-Hoc|x64 = Ad-Hoc|x64
		Ad-Hoc|x86 = Ad-Hoc|x86
		AppStore|Any CPU = AppStore|Any CPU
		AppStore|ARM = AppStore|ARM
		AppStore|iPhone = AppStore|iPhone
		AppStore|iPhoneSimulator = AppStore|iPhoneSimulator
		AppStore|x64 = AppStore|x64
		AppStore|x86 = AppStore|x86
		Debug|Any CPU = Debug|Any CPU
		Debug|ARM = Debug|ARM
		Debug|iPhone = Debug|iPhone
		Debug|iPhoneSimulator = Debug|iPhoneSimulator
		Debug|x64 = Debug|x64
		Debug|x86 = Debug|x86
		Release|Any CPU = Release|Any CPU
		Release|ARM = Release|ARM
		Release|iPhone = Release|iPhone
		Release|iPhoneSimulator = Release|iPhoneSimulator
		Release|x64 = Release|x64
		Release|x86 = Release|x86
	EndGlobalSection
	GlobalSection(ProjectConfigurationPlatforms) = postSolution
		{8F661E31-A175-42BA-B2C4-67A866A20B0D}.Ad-Hoc|Any CPU.ActiveCfg = Release|Any CPU
		{8F661E31-A175-42BA-B2C4-67A866A20B0D}.Ad-Hoc|Any CPU.Build.0 = Release|Any CPU
		{8F661E31-A175-42BA-B2C4-67A866A20B0D}.Ad-Hoc|ARM.ActiveCfg = Release|Any CPU
		{8F661E31-A175-42BA-B2C4-67A866A20B0D}.Ad-Hoc|ARM.Build.0 = Release|Any CPU
		{8F661E31-A175-42BA-B2C4-67A866A20B0D}.Ad-Hoc|iPhone.ActiveCfg = Release|Any CPU
		{8F661E31-A175-42BA-B2C4-67A866A20B0D}.Ad-Hoc|iPhone.Build.0 = Release|Any CPU
		{8F661E31-A175-42BA-B2C4-67A866A20B0D}.Ad-Hoc|iPhoneSimulator.ActiveCfg = Release|Any CPU
		{8F661E31-A175-42BA-B2C4-67A866A20B0D}.Ad-Hoc|iPhoneSimulator.Build.0 = Release|Any CPU
		{8F661E31-A175-42BA-B2C4-67A866A20B0D}.Ad-Hoc|x64.ActiveCfg = Release|Any CPU
		{8F661E31-A175-42BA-B2C4-67A866A20B0D}.Ad-Hoc|x64.Build.0 = Release|Any CPU
		{8F661E31-A175-42BA-B2C4-67A866A20B0D}.Ad-Hoc|x86.ActiveCfg = Release|Any CPU
		{8F661E31-A175-42BA-B2C4-67A866A20B0D}.Ad-Hoc|x86.Build.0 = Release|Any CPU
		{8F661E31-A175-42BA-B2C4-67A866A20B0D}.AppStore|Any CPU.ActiveCfg = Release|Any CPU
		{8F661E31-A175-42BA-B2C4-67A866A20B0D}.AppStore|Any CPU.Build.0 = Release|Any CPU
		{8F661E31-A175-42BA-B2C4-67A866A20B0D}.AppStore|ARM.ActiveCfg = Release|Any CPU
		{8F661E31-A175-42BA-B2C4-67A866A20B0D}.AppStore|ARM.Build.0 = Release|Any CPU
		{8F661E31-A175-42BA-B2C4-67A866A20B0D}.AppStore|iPhone.ActiveCfg = Release|Any CPU
		{8F661E31-A175-42BA-B2C4-67A866A20B0D}.AppStore|iPhone.Build.0 = Release|Any CPU
		{8F661E31-A175-42BA-B2C4-67A866A20B0D}.AppStore|iPhoneSimulator.ActiveCfg = Release|Any CPU
		{8F661E31-A175-42BA-B2C4-67A866A20B0D}.AppStore|iPhoneSimulator.Build.0 = Release|Any CPU
		{8F661E31-A175-42BA-B2C4-67A866A20B0D}.AppStore|x64.ActiveCfg = Release|Any CPU
		{8F661E31-A175-42BA-B2C4-67A866A20B0D}.AppStore|x64.Build.0 = Release|Any CPU
		{8F661E31-A175-42BA-B2C4-67A866A20B0D}.AppStore|x86.ActiveCfg = Release|Any CPU
		{8F661E31-A175-42BA-B2C4-67A866A20B0D}.AppStore|x86.Build.0 = Release|Any CPU
		{8F661E31-A175-42BA-B2C4-67A866A20B0D}.Debug|Any CPU.ActiveCfg = Debug|Any CPU
		{8F661E31-A175-42BA-B2C4-67A866A20B0D}.Debug|Any CPU.Build.0 = Debug|Any CPU
		{8F661E31-A175-42BA-B2C4-67A866A20B0D}.Debug|ARM.ActiveCfg = Debug|Any CPU
		{8F661E31-A175-42BA-B2C4-67A866A20B0D}.Debug|ARM.Build.0 = Debug|Any CPU
		{8F661E31-A175-42BA-B2C4-67A866A20B0D}.Debug|iPhone.ActiveCfg = Debug|Any CPU
		{8F661E31-A175-42BA-B2C4-67A866A20B0D}.Debug|iPhone.Build.0 = Debug|Any CPU
		{8F661E31-A175-42BA-B2C4-67A866A20B0D}.Debug|iPhoneSimulator.ActiveCfg = Debug|Any CPU
		{8F661E31-A175-42BA-B2C4-67A866A20B0D}.Debug|iPhoneSimulator.Build.0 = Debug|Any CPU
		{8F661E31-A175-42BA-B2C4-67A866A20B0D}.Debug|x64.ActiveCfg = Debug|Any CPU
		{8F661E31-A175-42BA-B2C4-67A866A20B0D}.Debug|x64.Build.0 = Debug|Any CPU
		{8F661E31-A175-42BA-B2C4-67A866A20B0D}.Debug|x86.ActiveCfg = Debug|Any CPU
		{8F661E31-A175-42BA-B2C4-67A866A20B0D}.Debug|x86.Build.0 = Debug|Any CPU
		{8F661E31-A175-42BA-B2C4-67A866A20B0D}.Release|Any CPU.ActiveCfg = Release|Any CPU
		{8F661E31-A175-42BA-B2C4-67A866A20B0D}.Release|Any CPU.Build.0 = Release|Any CPU
		{8F661E31-A175-42BA-B2C4-67A866A20B0D}.Release|ARM.ActiveCfg = Release|Any CPU
		{8F661E31-A175-42BA-B2C4-67A866A20B0D}.Release|ARM.Build.0 = Release|Any CPU
		{8F661E31-A175-42BA-B2C4-67A866A20B0D}.Release|iPhone.ActiveCfg = Release|Any CPU
		{8F661E31-A175-42BA-B2C4-67A866A20B0D}.Release|iPhone.Build.0 = Release|Any CPU
		{8F661E31-A175-42BA-B2C4-67A866A20B0D}.Release|iPhoneSimulator.ActiveCfg = Release|Any CPU
		{8F661E31-A175-42BA-B2C4-67A866A20B0D}.Release|iPhoneSimulator.Build.0 = Release|Any CPU
		{8F661E31-A175-42BA-B2C4-67A866A20B0D}.Release|x64.ActiveCfg = Release|Any CPU
		{8F661E31-A175-42BA-B2C4-67A866A20B0D}.Release|x64.Build.0 = Release|Any CPU
		{8F661E31-A175-42BA-B2C4-67A866A20B0D}.Release|x86.ActiveCfg = Release|Any CPU
		{8F661E31-A175-42BA-B2C4-67A866A20B0D}.Release|x86.Build.0 = Release|Any CPU
		{D727059C-F9E5-4CD2-A577-287ACAA3BB2F}.Ad-Hoc|Any CPU.ActiveCfg = Release|Any CPU
		{D727059C-F9E5-4CD2-A577-287ACAA3BB2F}.Ad-Hoc|Any CPU.Build.0 = Release|Any CPU
		{D727059C-F9E5-4CD2-A577-287ACAA3BB2F}.Ad-Hoc|Any CPU.Deploy.0 = Release|Any CPU
		{D727059C-F9E5-4CD2-A577-287ACAA3BB2F}.Ad-Hoc|ARM.ActiveCfg = Release|Any CPU
		{D727059C-F9E5-4CD2-A577-287ACAA3BB2F}.Ad-Hoc|ARM.Build.0 = Release|Any CPU
		{D727059C-F9E5-4CD2-A577-287ACAA3BB2F}.Ad-Hoc|ARM.Deploy.0 = Release|Any CPU
		{D727059C-F9E5-4CD2-A577-287ACAA3BB2F}.Ad-Hoc|iPhone.ActiveCfg = Release|Any CPU
		{D727059C-F9E5-4CD2-A577-287ACAA3BB2F}.Ad-Hoc|iPhone.Build.0 = Release|Any CPU
		{D727059C-F9E5-4CD2-A577-287ACAA3BB2F}.Ad-Hoc|iPhone.Deploy.0 = Release|Any CPU
		{D727059C-F9E5-4CD2-A577-287ACAA3BB2F}.Ad-Hoc|iPhoneSimulator.ActiveCfg = Release|Any CPU
		{D727059C-F9E5-4CD2-A577-287ACAA3BB2F}.Ad-Hoc|iPhoneSimulator.Build.0 = Release|Any CPU
		{D727059C-F9E5-4CD2-A577-287ACAA3BB2F}.Ad-Hoc|iPhoneSimulator.Deploy.0 = Release|Any CPU
		{D727059C-F9E5-4CD2-A577-287ACAA3BB2F}.Ad-Hoc|x64.ActiveCfg = Release|Any CPU
		{D727059C-F9E5-4CD2-A577-287ACAA3BB2F}.Ad-Hoc|x64.Build.0 = Release|Any CPU
		{D727059C-F9E5-4CD2-A577-287ACAA3BB2F}.Ad-Hoc|x64.Deploy.0 = Release|Any CPU
		{D727059C-F9E5-4CD2-A577-287ACAA3BB2F}.Ad-Hoc|x86.ActiveCfg = Release|Any CPU
		{D727059C-F9E5-4CD2-A577-287ACAA3BB2F}.Ad-Hoc|x86.Build.0 = Release|Any CPU
		{D727059C-F9E5-4CD2-A577-287ACAA3BB2F}.Ad-Hoc|x86.Deploy.0 = Release|Any CPU
		{D727059C-F9E5-4CD2-A577-287ACAA3BB2F}.AppStore|Any CPU.ActiveCfg = Release|Any CPU
		{D727059C-F9E5-4CD2-A577-287ACAA3BB2F}.AppStore|Any CPU.Build.0 = Release|Any CPU
		{D727059C-F9E5-4CD2-A577-287ACAA3BB2F}.AppStore|Any CPU.Deploy.0 = Release|Any CPU
		{D727059C-F9E5-4CD2-A577-287ACAA3BB2F}.AppStore|ARM.ActiveCfg = Release|Any CPU
		{D727059C-F9E5-4CD2-A577-287ACAA3BB2F}.AppStore|ARM.Build.0 = Release|Any CPU
		{D727059C-F9E5-4CD2-A577-287ACAA3BB2F}.AppStore|ARM.Deploy.0 = Release|Any CPU
		{D727059C-F9E5-4CD2-A577-287ACAA3BB2F}.AppStore|iPhone.ActiveCfg = Release|Any CPU
		{D727059C-F9E5-4CD2-A577-287ACAA3BB2F}.AppStore|iPhone.Build.0 = Release|Any CPU
		{D727059C-F9E5-4CD2-A577-287ACAA3BB2F}.AppStore|iPhone.Deploy.0 = Release|Any CPU
		{D727059C-F9E5-4CD2-A577-287ACAA3BB2F}.AppStore|iPhoneSimulator.ActiveCfg = Release|Any CPU
		{D727059C-F9E5-4CD2-A577-287ACAA3BB2F}.AppStore|iPhoneSimulator.Build.0 = Release|Any CPU
		{D727059C-F9E5-4CD2-A577-287ACAA3BB2F}.AppStore|iPhoneSimulator.Deploy.0 = Release|Any CPU
		{D727059C-F9E5-4CD2-A577-287ACAA3BB2F}.AppStore|x64.ActiveCfg = Release|Any CPU
		{D727059C-F9E5-4CD2-A577-287ACAA3BB2F}.AppStore|x64.Build.0 = Release|Any CPU
		{D727059C-F9E5-4CD2-A577-287ACAA3BB2F}.AppStore|x64.Deploy.0 = Release|Any CPU
		{D727059C-F9E5-4CD2-A577-287ACAA3BB2F}.AppStore|x86.ActiveCfg = Release|Any CPU
		{D727059C-F9E5-4CD2-A577-287ACAA3BB2F}.AppStore|x86.Build.0 = Release|Any CPU
		{D727059C-F9E5-4CD2-A577-287ACAA3BB2F}.AppStore|x86.Deploy.0 = Release|Any CPU
		{D727059C-F9E5-4CD2-A577-287ACAA3BB2F}.Debug|Any CPU.ActiveCfg = Debug|Any CPU
		{D727059C-F9E5-4CD2-A577-287ACAA3BB2F}.Debug|Any CPU.Build.0 = Debug|Any CPU
		{D727059C-F9E5-4CD2-A577-287ACAA3BB2F}.Debug|Any CPU.Deploy.0 = Debug|Any CPU
		{D727059C-F9E5-4CD2-A577-287ACAA3BB2F}.Debug|ARM.ActiveCfg = Debug|Any CPU
		{D727059C-F9E5-4CD2-A577-287ACAA3BB2F}.Debug|ARM.Build.0 = Debug|Any CPU
		{D727059C-F9E5-4CD2-A577-287ACAA3BB2F}.Debug|ARM.Deploy.0 = Debug|Any CPU
		{D727059C-F9E5-4CD2-A577-287ACAA3BB2F}.Debug|iPhone.ActiveCfg = Debug|Any CPU
		{D727059C-F9E5-4CD2-A577-287ACAA3BB2F}.Debug|iPhone.Build.0 = Debug|Any CPU
		{D727059C-F9E5-4CD2-A577-287ACAA3BB2F}.Debug|iPhone.Deploy.0 = Debug|Any CPU
		{D727059C-F9E5-4CD2-A577-287ACAA3BB2F}.Debug|iPhoneSimulator.ActiveCfg = Debug|Any CPU
		{D727059C-F9E5-4CD2-A577-287ACAA3BB2F}.Debug|iPhoneSimulator.Build.0 = Debug|Any CPU
		{D727059C-F9E5-4CD2-A577-287ACAA3BB2F}.Debug|iPhoneSimulator.Deploy.0 = Debug|Any CPU
		{D727059C-F9E5-4CD2-A577-287ACAA3BB2F}.Debug|x64.ActiveCfg = Debug|Any CPU
		{D727059C-F9E5-4CD2-A577-287ACAA3BB2F}.Debug|x64.Build.0 = Debug|Any CPU
		{D727059C-F9E5-4CD2-A577-287ACAA3BB2F}.Debug|x64.Deploy.0 = Debug|Any CPU
		{D727059C-F9E5-4CD2-A577-287ACAA3BB2F}.Debug|x86.ActiveCfg = Debug|Any CPU
		{D727059C-F9E5-4CD2-A577-287ACAA3BB2F}.Debug|x86.Build.0 = Debug|Any CPU
		{D727059C-F9E5-4CD2-A577-287ACAA3BB2F}.Debug|x86.Deploy.0 = Debug|Any CPU
		{D727059C-F9E5-4CD2-A577-287ACAA3BB2F}.Release|Any CPU.ActiveCfg = Release|Any CPU
		{D727059C-F9E5-4CD2-A577-287ACAA3BB2F}.Release|Any CPU.Build.0 = Release|Any CPU
		{D727059C-F9E5-4CD2-A577-287ACAA3BB2F}.Release|Any CPU.Deploy.0 = Release|Any CPU
		{D727059C-F9E5-4CD2-A577-287ACAA3BB2F}.Release|ARM.ActiveCfg = Release|Any CPU
		{D727059C-F9E5-4CD2-A577-287ACAA3BB2F}.Release|ARM.Build.0 = Release|Any CPU
		{D727059C-F9E5-4CD2-A577-287ACAA3BB2F}.Release|ARM.Deploy.0 = Release|Any CPU
		{D727059C-F9E5-4CD2-A577-287ACAA3BB2F}.Release|iPhone.ActiveCfg = Release|Any CPU
		{D727059C-F9E5-4CD2-A577-287ACAA3BB2F}.Release|iPhone.Build.0 = Release|Any CPU
		{D727059C-F9E5-4CD2-A577-287ACAA3BB2F}.Release|iPhone.Deploy.0 = Release|Any CPU
		{D727059C-F9E5-4CD2-A577-287ACAA3BB2F}.Release|iPhoneSimulator.ActiveCfg = Release|Any CPU
		{D727059C-F9E5-4CD2-A577-287ACAA3BB2F}.Release|iPhoneSimulator.Build.0 = Release|Any CPU
		{D727059C-F9E5-4CD2-A577-287ACAA3BB2F}.Release|iPhoneSimulator.Deploy.0 = Release|Any CPU
		{D727059C-F9E5-4CD2-A577-287ACAA3BB2F}.Release|x64.ActiveCfg = Release|Any CPU
		{D727059C-F9E5-4CD2-A577-287ACAA3BB2F}.Release|x64.Build.0 = Release|Any CPU
		{D727059C-F9E5-4CD2-A577-287ACAA3BB2F}.Release|x64.Deploy.0 = Release|Any CPU
		{D727059C-F9E5-4CD2-A577-287ACAA3BB2F}.Release|x86.ActiveCfg = Release|Any CPU
		{D727059C-F9E5-4CD2-A577-287ACAA3BB2F}.Release|x86.Build.0 = Release|Any CPU
		{D727059C-F9E5-4CD2-A577-287ACAA3BB2F}.Release|x86.Deploy.0 = Release|Any CPU
		{2C62FC9A-8C1B-4B8A-9135-22CD7AEF4C38}.Ad-Hoc|Any CPU.ActiveCfg = Ad-Hoc|iPhone
		{2C62FC9A-8C1B-4B8A-9135-22CD7AEF4C38}.Ad-Hoc|ARM.ActiveCfg = Ad-Hoc|iPhone
		{2C62FC9A-8C1B-4B8A-9135-22CD7AEF4C38}.Ad-Hoc|iPhone.ActiveCfg = Ad-Hoc|iPhone
		{2C62FC9A-8C1B-4B8A-9135-22CD7AEF4C38}.Ad-Hoc|iPhone.Build.0 = Ad-Hoc|iPhone
		{2C62FC9A-8C1B-4B8A-9135-22CD7AEF4C38}.Ad-Hoc|iPhoneSimulator.ActiveCfg = Ad-Hoc|iPhoneSimulator
		{2C62FC9A-8C1B-4B8A-9135-22CD7AEF4C38}.Ad-Hoc|iPhoneSimulator.Build.0 = Ad-Hoc|iPhoneSimulator
		{2C62FC9A-8C1B-4B8A-9135-22CD7AEF4C38}.Ad-Hoc|x64.ActiveCfg = Ad-Hoc|iPhone
		{2C62FC9A-8C1B-4B8A-9135-22CD7AEF4C38}.Ad-Hoc|x86.ActiveCfg = Ad-Hoc|iPhone
		{2C62FC9A-8C1B-4B8A-9135-22CD7AEF4C38}.AppStore|Any CPU.ActiveCfg = AppStore|iPhone
		{2C62FC9A-8C1B-4B8A-9135-22CD7AEF4C38}.AppStore|ARM.ActiveCfg = AppStore|iPhone
		{2C62FC9A-8C1B-4B8A-9135-22CD7AEF4C38}.AppStore|iPhone.ActiveCfg = AppStore|iPhone
		{2C62FC9A-8C1B-4B8A-9135-22CD7AEF4C38}.AppStore|iPhone.Build.0 = AppStore|iPhone
		{2C62FC9A-8C1B-4B8A-9135-22CD7AEF4C38}.AppStore|iPhoneSimulator.ActiveCfg = AppStore|iPhoneSimulator
		{2C62FC9A-8C1B-4B8A-9135-22CD7AEF4C38}.AppStore|iPhoneSimulator.Build.0 = AppStore|iPhoneSimulator
		{2C62FC9A-8C1B-4B8A-9135-22CD7AEF4C38}.AppStore|x64.ActiveCfg = AppStore|iPhone
		{2C62FC9A-8C1B-4B8A-9135-22CD7AEF4C38}.AppStore|x86.ActiveCfg = AppStore|iPhone
		{2C62FC9A-8C1B-4B8A-9135-22CD7AEF4C38}.Debug|Any CPU.ActiveCfg = Debug|iPhone
		{2C62FC9A-8C1B-4B8A-9135-22CD7AEF4C38}.Debug|ARM.ActiveCfg = Debug|iPhone
		{2C62FC9A-8C1B-4B8A-9135-22CD7AEF4C38}.Debug|iPhone.ActiveCfg = Debug|iPhone
		{2C62FC9A-8C1B-4B8A-9135-22CD7AEF4C38}.Debug|iPhone.Build.0 = Debug|iPhone
		{2C62FC9A-8C1B-4B8A-9135-22CD7AEF4C38}.Debug|iPhoneSimulator.ActiveCfg = Debug|iPhoneSimulator
		{2C62FC9A-8C1B-4B8A-9135-22CD7AEF4C38}.Debug|iPhoneSimulator.Build.0 = Debug|iPhoneSimulator
		{2C62FC9A-8C1B-4B8A-9135-22CD7AEF4C38}.Debug|x64.ActiveCfg = Debug|iPhone
		{2C62FC9A-8C1B-4B8A-9135-22CD7AEF4C38}.Debug|x86.ActiveCfg = Debug|iPhone
		{2C62FC9A-8C1B-4B8A-9135-22CD7AEF4C38}.Release|Any CPU.ActiveCfg = Release|iPhone
		{2C62FC9A-8C1B-4B8A-9135-22CD7AEF4C38}.Release|ARM.ActiveCfg = Release|iPhone
		{2C62FC9A-8C1B-4B8A-9135-22CD7AEF4C38}.Release|iPhone.ActiveCfg = Release|iPhone
		{2C62FC9A-8C1B-4B8A-9135-22CD7AEF4C38}.Release|iPhone.Build.0 = Release|iPhone
		{2C62FC9A-8C1B-4B8A-9135-22CD7AEF4C38}.Release|iPhoneSimulator.ActiveCfg = Release|iPhoneSimulator
		{2C62FC9A-8C1B-4B8A-9135-22CD7AEF4C38}.Release|iPhoneSimulator.Build.0 = Release|iPhoneSimulator
		{2C62FC9A-8C1B-4B8A-9135-22CD7AEF4C38}.Release|x64.ActiveCfg = Release|iPhone
		{2C62FC9A-8C1B-4B8A-9135-22CD7AEF4C38}.Release|x86.ActiveCfg = Release|iPhone
		{EC367014-7935-47E8-B228-8FC488905354}.Ad-Hoc|Any CPU.ActiveCfg = Release|Any CPU
		{EC367014-7935-47E8-B228-8FC488905354}.Ad-Hoc|Any CPU.Build.0 = Release|Any CPU
		{EC367014-7935-47E8-B228-8FC488905354}.Ad-Hoc|Any CPU.Deploy.0 = Release|Any CPU
		{EC367014-7935-47E8-B228-8FC488905354}.Ad-Hoc|ARM.ActiveCfg = Release|ARM
		{EC367014-7935-47E8-B228-8FC488905354}.Ad-Hoc|ARM.Build.0 = Release|ARM
		{EC367014-7935-47E8-B228-8FC488905354}.Ad-Hoc|ARM.Deploy.0 = Release|ARM
		{EC367014-7935-47E8-B228-8FC488905354}.Ad-Hoc|iPhone.ActiveCfg = Release|Any CPU
		{EC367014-7935-47E8-B228-8FC488905354}.Ad-Hoc|iPhone.Build.0 = Release|Any CPU
		{EC367014-7935-47E8-B228-8FC488905354}.Ad-Hoc|iPhone.Deploy.0 = Release|Any CPU
		{EC367014-7935-47E8-B228-8FC488905354}.Ad-Hoc|iPhoneSimulator.ActiveCfg = Release|Any CPU
		{EC367014-7935-47E8-B228-8FC488905354}.Ad-Hoc|iPhoneSimulator.Build.0 = Release|Any CPU
		{EC367014-7935-47E8-B228-8FC488905354}.Ad-Hoc|iPhoneSimulator.Deploy.0 = Release|Any CPU
		{EC367014-7935-47E8-B228-8FC488905354}.Ad-Hoc|x64.ActiveCfg = Release|Any CPU
		{EC367014-7935-47E8-B228-8FC488905354}.Ad-Hoc|x64.Build.0 = Release|Any CPU
		{EC367014-7935-47E8-B228-8FC488905354}.Ad-Hoc|x64.Deploy.0 = Release|Any CPU
		{EC367014-7935-47E8-B228-8FC488905354}.Ad-Hoc|x86.ActiveCfg = Release|x86
		{EC367014-7935-47E8-B228-8FC488905354}.Ad-Hoc|x86.Build.0 = Release|x86
		{EC367014-7935-47E8-B228-8FC488905354}.Ad-Hoc|x86.Deploy.0 = Release|x86
		{EC367014-7935-47E8-B228-8FC488905354}.AppStore|Any CPU.ActiveCfg = Release|Any CPU
		{EC367014-7935-47E8-B228-8FC488905354}.AppStore|Any CPU.Build.0 = Release|Any CPU
		{EC367014-7935-47E8-B228-8FC488905354}.AppStore|Any CPU.Deploy.0 = Release|Any CPU
		{EC367014-7935-47E8-B228-8FC488905354}.AppStore|ARM.ActiveCfg = Release|ARM
		{EC367014-7935-47E8-B228-8FC488905354}.AppStore|ARM.Build.0 = Release|ARM
		{EC367014-7935-47E8-B228-8FC488905354}.AppStore|ARM.Deploy.0 = Release|ARM
		{EC367014-7935-47E8-B228-8FC488905354}.AppStore|iPhone.ActiveCfg = Release|Any CPU
		{EC367014-7935-47E8-B228-8FC488905354}.AppStore|iPhone.Build.0 = Release|Any CPU
		{EC367014-7935-47E8-B228-8FC488905354}.AppStore|iPhone.Deploy.0 = Release|Any CPU
		{EC367014-7935-47E8-B228-8FC488905354}.AppStore|iPhoneSimulator.ActiveCfg = Release|Any CPU
		{EC367014-7935-47E8-B228-8FC488905354}.AppStore|iPhoneSimulator.Build.0 = Release|Any CPU
		{EC367014-7935-47E8-B228-8FC488905354}.AppStore|iPhoneSimulator.Deploy.0 = Release|Any CPU
		{EC367014-7935-47E8-B228-8FC488905354}.AppStore|x64.ActiveCfg = Release|Any CPU
		{EC367014-7935-47E8-B228-8FC488905354}.AppStore|x64.Build.0 = Release|Any CPU
		{EC367014-7935-47E8-B228-8FC488905354}.AppStore|x64.Deploy.0 = Release|Any CPU
		{EC367014-7935-47E8-B228-8FC488905354}.AppStore|x86.ActiveCfg = Release|x86
		{EC367014-7935-47E8-B228-8FC488905354}.AppStore|x86.Build.0 = Release|x86
		{EC367014-7935-47E8-B228-8FC488905354}.AppStore|x86.Deploy.0 = Release|x86
		{EC367014-7935-47E8-B228-8FC488905354}.Debug|Any CPU.ActiveCfg = Debug|Any CPU
		{EC367014-7935-47E8-B228-8FC488905354}.Debug|Any CPU.Build.0 = Debug|Any CPU
		{EC367014-7935-47E8-B228-8FC488905354}.Debug|Any CPU.Deploy.0 = Debug|Any CPU
		{EC367014-7935-47E8-B228-8FC488905354}.Debug|ARM.ActiveCfg = Debug|ARM
		{EC367014-7935-47E8-B228-8FC488905354}.Debug|ARM.Build.0 = Debug|ARM
		{EC367014-7935-47E8-B228-8FC488905354}.Debug|ARM.Deploy.0 = Debug|ARM
		{EC367014-7935-47E8-B228-8FC488905354}.Debug|iPhone.ActiveCfg = Debug|Any CPU
		{EC367014-7935-47E8-B228-8FC488905354}.Debug|iPhone.Build.0 = Debug|Any CPU
		{EC367014-7935-47E8-B228-8FC488905354}.Debug|iPhone.Deploy.0 = Debug|Any CPU
		{EC367014-7935-47E8-B228-8FC488905354}.Debug|iPhoneSimulator.ActiveCfg = Debug|Any CPU
		{EC367014-7935-47E8-B228-8FC488905354}.Debug|iPhoneSimulator.Build.0 = Debug|Any CPU
		{EC367014-7935-47E8-B228-8FC488905354}.Debug|iPhoneSimulator.Deploy.0 = Debug|Any CPU
		{EC367014-7935-47E8-B228-8FC488905354}.Debug|x64.ActiveCfg = Debug|Any CPU
		{EC367014-7935-47E8-B228-8FC488905354}.Debug|x64.Build.0 = Debug|Any CPU
		{EC367014-7935-47E8-B228-8FC488905354}.Debug|x64.Deploy.0 = Debug|Any CPU
		{EC367014-7935-47E8-B228-8FC488905354}.Debug|x86.ActiveCfg = Debug|x86
		{EC367014-7935-47E8-B228-8FC488905354}.Debug|x86.Build.0 = Debug|x86
		{EC367014-7935-47E8-B228-8FC488905354}.Debug|x86.Deploy.0 = Debug|x86
		{EC367014-7935-47E8-B228-8FC488905354}.Release|Any CPU.ActiveCfg = Release|Any CPU
		{EC367014-7935-47E8-B228-8FC488905354}.Release|Any CPU.Build.0 = Release|Any CPU
		{EC367014-7935-47E8-B228-8FC488905354}.Release|Any CPU.Deploy.0 = Release|Any CPU
		{EC367014-7935-47E8-B228-8FC488905354}.Release|ARM.ActiveCfg = Release|ARM
		{EC367014-7935-47E8-B228-8FC488905354}.Release|ARM.Build.0 = Release|ARM
		{EC367014-7935-47E8-B228-8FC488905354}.Release|ARM.Deploy.0 = Release|ARM
		{EC367014-7935-47E8-B228-8FC488905354}.Release|iPhone.ActiveCfg = Release|Any CPU
		{EC367014-7935-47E8-B228-8FC488905354}.Release|iPhone.Build.0 = Release|Any CPU
		{EC367014-7935-47E8-B228-8FC488905354}.Release|iPhone.Deploy.0 = Release|Any CPU
		{EC367014-7935-47E8-B228-8FC488905354}.Release|iPhoneSimulator.ActiveCfg = Release|Any CPU
		{EC367014-7935-47E8-B228-8FC488905354}.Release|iPhoneSimulator.Build.0 = Release|Any CPU
		{EC367014-7935-47E8-B228-8FC488905354}.Release|iPhoneSimulator.Deploy.0 = Release|Any CPU
		{EC367014-7935-47E8-B228-8FC488905354}.Release|x64.ActiveCfg = Release|Any CPU
		{EC367014-7935-47E8-B228-8FC488905354}.Release|x64.Build.0 = Release|Any CPU
		{EC367014-7935-47E8-B228-8FC488905354}.Release|x64.Deploy.0 = Release|Any CPU
		{EC367014-7935-47E8-B228-8FC488905354}.Release|x86.ActiveCfg = Release|x86
		{EC367014-7935-47E8-B228-8FC488905354}.Release|x86.Build.0 = Release|x86
		{EC367014-7935-47E8-B228-8FC488905354}.Release|x86.Deploy.0 = Release|x86
		{873A71EE-8F6A-4DE1-96B3-7A265C2B8161}.Ad-Hoc|Any CPU.ActiveCfg = Release|Any CPU
		{873A71EE-8F6A-4DE1-96B3-7A265C2B8161}.Ad-Hoc|Any CPU.Build.0 = Release|Any CPU
		{873A71EE-8F6A-4DE1-96B3-7A265C2B8161}.Ad-Hoc|Any CPU.Deploy.0 = Release|Any CPU
		{873A71EE-8F6A-4DE1-96B3-7A265C2B8161}.Ad-Hoc|ARM.ActiveCfg = Release|ARM
		{873A71EE-8F6A-4DE1-96B3-7A265C2B8161}.Ad-Hoc|ARM.Build.0 = Release|ARM
		{873A71EE-8F6A-4DE1-96B3-7A265C2B8161}.Ad-Hoc|ARM.Deploy.0 = Release|ARM
		{873A71EE-8F6A-4DE1-96B3-7A265C2B8161}.Ad-Hoc|iPhone.ActiveCfg = Release|Any CPU
		{873A71EE-8F6A-4DE1-96B3-7A265C2B8161}.Ad-Hoc|iPhone.Build.0 = Release|Any CPU
		{873A71EE-8F6A-4DE1-96B3-7A265C2B8161}.Ad-Hoc|iPhone.Deploy.0 = Release|Any CPU
		{873A71EE-8F6A-4DE1-96B3-7A265C2B8161}.Ad-Hoc|iPhoneSimulator.ActiveCfg = Release|Any CPU
		{873A71EE-8F6A-4DE1-96B3-7A265C2B8161}.Ad-Hoc|iPhoneSimulator.Build.0 = Release|Any CPU
		{873A71EE-8F6A-4DE1-96B3-7A265C2B8161}.Ad-Hoc|iPhoneSimulator.Deploy.0 = Release|Any CPU
		{873A71EE-8F6A-4DE1-96B3-7A265C2B8161}.Ad-Hoc|x64.ActiveCfg = Release|x64
		{873A71EE-8F6A-4DE1-96B3-7A265C2B8161}.Ad-Hoc|x64.Build.0 = Release|x64
		{873A71EE-8F6A-4DE1-96B3-7A265C2B8161}.Ad-Hoc|x64.Deploy.0 = Release|x64
		{873A71EE-8F6A-4DE1-96B3-7A265C2B8161}.Ad-Hoc|x86.ActiveCfg = Release|x86
		{873A71EE-8F6A-4DE1-96B3-7A265C2B8161}.Ad-Hoc|x86.Build.0 = Release|x86
		{873A71EE-8F6A-4DE1-96B3-7A265C2B8161}.Ad-Hoc|x86.Deploy.0 = Release|x86
		{873A71EE-8F6A-4DE1-96B3-7A265C2B8161}.AppStore|Any CPU.ActiveCfg = Release|Any CPU
		{873A71EE-8F6A-4DE1-96B3-7A265C2B8161}.AppStore|Any CPU.Build.0 = Release|Any CPU
		{873A71EE-8F6A-4DE1-96B3-7A265C2B8161}.AppStore|Any CPU.Deploy.0 = Release|Any CPU
		{873A71EE-8F6A-4DE1-96B3-7A265C2B8161}.AppStore|ARM.ActiveCfg = Release|ARM
		{873A71EE-8F6A-4DE1-96B3-7A265C2B8161}.AppStore|ARM.Build.0 = Release|ARM
		{873A71EE-8F6A-4DE1-96B3-7A265C2B8161}.AppStore|ARM.Deploy.0 = Release|ARM
		{873A71EE-8F6A-4DE1-96B3-7A265C2B8161}.AppStore|iPhone.ActiveCfg = Release|Any CPU
		{873A71EE-8F6A-4DE1-96B3-7A265C2B8161}.AppStore|iPhone.Build.0 = Release|Any CPU
		{873A71EE-8F6A-4DE1-96B3-7A265C2B8161}.AppStore|iPhone.Deploy.0 = Release|Any CPU
		{873A71EE-8F6A-4DE1-96B3-7A265C2B8161}.AppStore|iPhoneSimulator.ActiveCfg = Release|Any CPU
		{873A71EE-8F6A-4DE1-96B3-7A265C2B8161}.AppStore|iPhoneSimulator.Build.0 = Release|Any CPU
		{873A71EE-8F6A-4DE1-96B3-7A265C2B8161}.AppStore|iPhoneSimulator.Deploy.0 = Release|Any CPU
		{873A71EE-8F6A-4DE1-96B3-7A265C2B8161}.AppStore|x64.ActiveCfg = Release|x64
		{873A71EE-8F6A-4DE1-96B3-7A265C2B8161}.AppStore|x64.Build.0 = Release|x64
		{873A71EE-8F6A-4DE1-96B3-7A265C2B8161}.AppStore|x64.Deploy.0 = Release|x64
		{873A71EE-8F6A-4DE1-96B3-7A265C2B8161}.AppStore|x86.ActiveCfg = Release|x86
		{873A71EE-8F6A-4DE1-96B3-7A265C2B8161}.AppStore|x86.Build.0 = Release|x86
		{873A71EE-8F6A-4DE1-96B3-7A265C2B8161}.AppStore|x86.Deploy.0 = Release|x86
		{873A71EE-8F6A-4DE1-96B3-7A265C2B8161}.Debug|Any CPU.ActiveCfg = Debug|Any CPU
		{873A71EE-8F6A-4DE1-96B3-7A265C2B8161}.Debug|Any CPU.Build.0 = Debug|Any CPU
		{873A71EE-8F6A-4DE1-96B3-7A265C2B8161}.Debug|Any CPU.Deploy.0 = Debug|Any CPU
		{873A71EE-8F6A-4DE1-96B3-7A265C2B8161}.Debug|ARM.ActiveCfg = Debug|ARM
		{873A71EE-8F6A-4DE1-96B3-7A265C2B8161}.Debug|ARM.Build.0 = Debug|ARM
		{873A71EE-8F6A-4DE1-96B3-7A265C2B8161}.Debug|ARM.Deploy.0 = Debug|ARM
		{873A71EE-8F6A-4DE1-96B3-7A265C2B8161}.Debug|iPhone.ActiveCfg = Debug|Any CPU
		{873A71EE-8F6A-4DE1-96B3-7A265C2B8161}.Debug|iPhone.Build.0 = Debug|Any CPU
		{873A71EE-8F6A-4DE1-96B3-7A265C2B8161}.Debug|iPhone.Deploy.0 = Debug|Any CPU
		{873A71EE-8F6A-4DE1-96B3-7A265C2B8161}.Debug|iPhoneSimulator.ActiveCfg = Debug|Any CPU
		{873A71EE-8F6A-4DE1-96B3-7A265C2B8161}.Debug|iPhoneSimulator.Build.0 = Debug|Any CPU
		{873A71EE-8F6A-4DE1-96B3-7A265C2B8161}.Debug|iPhoneSimulator.Deploy.0 = Debug|Any CPU
		{873A71EE-8F6A-4DE1-96B3-7A265C2B8161}.Debug|x64.ActiveCfg = Debug|x64
		{873A71EE-8F6A-4DE1-96B3-7A265C2B8161}.Debug|x64.Build.0 = Debug|x64
		{873A71EE-8F6A-4DE1-96B3-7A265C2B8161}.Debug|x64.Deploy.0 = Debug|x64
		{873A71EE-8F6A-4DE1-96B3-7A265C2B8161}.Debug|x86.ActiveCfg = Debug|x86
		{873A71EE-8F6A-4DE1-96B3-7A265C2B8161}.Debug|x86.Build.0 = Debug|x86
		{873A71EE-8F6A-4DE1-96B3-7A265C2B8161}.Debug|x86.Deploy.0 = Debug|x86
		{873A71EE-8F6A-4DE1-96B3-7A265C2B8161}.Release|Any CPU.ActiveCfg = Release|Any CPU
		{873A71EE-8F6A-4DE1-96B3-7A265C2B8161}.Release|Any CPU.Build.0 = Release|Any CPU
		{873A71EE-8F6A-4DE1-96B3-7A265C2B8161}.Release|Any CPU.Deploy.0 = Release|Any CPU
		{873A71EE-8F6A-4DE1-96B3-7A265C2B8161}.Release|ARM.ActiveCfg = Release|ARM
		{873A71EE-8F6A-4DE1-96B3-7A265C2B8161}.Release|ARM.Build.0 = Release|ARM
		{873A71EE-8F6A-4DE1-96B3-7A265C2B8161}.Release|ARM.Deploy.0 = Release|ARM
		{873A71EE-8F6A-4DE1-96B3-7A265C2B8161}.Release|iPhone.ActiveCfg = Release|Any CPU
		{873A71EE-8F6A-4DE1-96B3-7A265C2B8161}.Release|iPhone.Build.0 = Release|Any CPU
		{873A71EE-8F6A-4DE1-96B3-7A265C2B8161}.Release|iPhone.Deploy.0 = Release|Any CPU
		{873A71EE-8F6A-4DE1-96B3-7A265C2B8161}.Release|iPhoneSimulator.ActiveCfg = Release|Any CPU
		{873A71EE-8F6A-4DE1-96B3-7A265C2B8161}.Release|iPhoneSimulator.Build.0 = Release|Any CPU
		{873A71EE-8F6A-4DE1-96B3-7A265C2B8161}.Release|iPhoneSimulator.Deploy.0 = Release|Any CPU
		{873A71EE-8F6A-4DE1-96B3-7A265C2B8161}.Release|x64.ActiveCfg = Release|x64
		{873A71EE-8F6A-4DE1-96B3-7A265C2B8161}.Release|x64.Build.0 = Release|x64
		{873A71EE-8F6A-4DE1-96B3-7A265C2B8161}.Release|x64.Deploy.0 = Release|x64
		{873A71EE-8F6A-4DE1-96B3-7A265C2B8161}.Release|x86.ActiveCfg = Release|x86
		{873A71EE-8F6A-4DE1-96B3-7A265C2B8161}.Release|x86.Build.0 = Release|x86
		{873A71EE-8F6A-4DE1-96B3-7A265C2B8161}.Release|x86.Deploy.0 = Release|x86
	EndGlobalSection
	GlobalSection(SolutionProperties) = preSolution
		HideSolutionNode = FALSE
	EndGlobalSection
EndGlobal
